
Microsoft Visual Studio Solution File, Format Version 12.00
# Visual Studio 15
VisualStudioVersion = 15.0.28307.271
MinimumVisualStudioVersion = 10.0.40219.1
Project("{FAE04EC0-301F-11D3-BF4B-00C04F79EFBC}") = "Sprouts.Core", "Sprouts.Core\Sprouts.Core.csproj", "{0BE515D5-37D9-41C4-A37F-CADFB47E506B}"
EndProject
Project("{FAE04EC0-301F-11D3-BF4B-00C04F79EFBC}") = "Sprouts.Core.Test", "Sprouts.Core.Tests\Sprouts.Core.Test.csproj", "{FC51D533-8B82-43E2-A5BF-1430EAE76616}"
EndProject
Global
	GlobalSection(SolutionConfigurationPlatforms) = preSolution
		Debug|Any CPU = Debug|Any CPU
		Release|Any CPU = Release|Any CPU
	EndGlobalSection
	GlobalSection(ProjectConfigurationPlatforms) = postSolution
		{0BE515D5-37D9-41C4-A37F-CADFB47E506B}.Debug|Any CPU.ActiveCfg = Debug|Any CPU
		{0BE515D5-37D9-41C4-A37F-CADFB47E506B}.Debug|Any CPU.Build.0 = Debug|Any CPU
		{0BE515D5-37D9-41C4-A37F-CADFB47E506B}.Release|Any CPU.ActiveCfg = Release|Any CPU
		{0BE515D5-37D9-41C4-A37F-CADFB47E506B}.Release|Any CPU.Build.0 = Release|Any CPU
		{FC51D533-8B82-43E2-A5BF-1430EAE76616}.Debug|Any CPU.ActiveCfg = Debug|Any CPU
		{FC51D533-8B82-43E2-A5BF-1430EAE76616}.Debug|Any CPU.Build.0 = Debug|Any CPU
		{FC51D533-8B82-43E2-A5BF-1430EAE76616}.Release|Any CPU.ActiveCfg = Release|Any CPU
		{FC51D533-8B82-43E2-A5BF-1430EAE76616}.Release|Any CPU.Build.0 = Release|Any CPU
	EndGlobalSection
	GlobalSection(SolutionProperties) = preSolution
		HideSolutionNode = FALSE
	EndGlobalSection
	GlobalSection(ExtensibilityGlobals) = postSolution
		SolutionGuid = {EC91C0C6-54FD-4D83-94D3-D7EE72088393}
	EndGlobalSection
EndGlobal
